<?xml version="1.0" encoding="utf-8"?>
<Project ToolsVersion="4.0" xmlns="http://schemas.microsoft.com/developer/msbuild/2003">
  <ItemGroup>
    <Filter Include="Systems">
      <UniqueIdentifier>{f8d57eb9-82ab-43ad-ad1a-97501f1c3fd0}</UniqueIdentifier>
    </Filter>
    <Filter Include="Event Bus">
      <UniqueIdentifier>{d1c44e9c-18bd-410e-9d3b-e1893c158a6b}</UniqueIdentifier>
    </Filter>
    <Filter Include="Engine">
      <UniqueIdentifier>{ba6c091b-69ef-4024-98f6-a1a4a5310540}</UniqueIdentifier>
    </Filter>
  </ItemGroup>
  <ItemGroup>
    <ClInclude Include="include\EventBus.hpp">
      <Filter>Event Bus</Filter>
    </ClInclude>
    <ClInclude Include="include\Events.hpp">
      <Filter>Event Bus</Filter>
    </ClInclude>
    <ClInclude Include="include\Engine.hpp">
      <Filter>Engine</Filter>
    </ClInclude>
    <ClInclude Include="include\Graphics.hpp">
      <Filter>Systems</Filter>
    </ClInclude>
    <ClInclude Include="include\Input.hpp">
      <Filter>Systems</Filter>
    </ClInclude>
    <ClInclude Include="include\System.hpp">
      <Filter>Systems</Filter>
    </ClInclude>
  </ItemGroup>
  <ItemGroup>
    <ClCompile Include="src\Engine.cpp">
      <Filter>Engine</Filter>
    </ClCompile>
    <ClCompile Include="src\Graphics.cpp">
      <Filter>Systems</Filter>
    </ClCompile>
    <ClCompile Include="src\Input.cpp">
      <Filter>Systems</Filter>
    </ClCompile>
  </ItemGroup>
</Project>